
Microsoft Visual Studio Solution File, Format Version 12.00
# Visual Studio Version 17
VisualStudioVersion = 17.2.32630.192
MinimumVisualStudioVersion = 10.0.40219.1
Project("{FAE04EC0-301F-11D3-BF4B-00C04F79EFBC}") = "TextRPG", "TextRPG\TextRPG.csproj", "{EE05F62D-BD8D-4A5F-840C-92475C50227B}"
EndProject
Global
	GlobalSection(SolutionConfigurationPlatforms) = preSolution
		Debug|Any CPU = Debug|Any CPU
		Release|Any CPU = Release|Any CPU
	EndGlobalSection
	GlobalSection(ProjectConfigurationPlatforms) = postSolution
		{EE05F62D-BD8D-4A5F-840C-92475C50227B}.Debug|Any CPU.ActiveCfg = Debug|Any CPU
		{EE05F62D-BD8D-4A5F-840C-92475C50227B}.Debug|Any CPU.Build.0 = Debug|Any CPU
		{EE05F62D-BD8D-4A5F-840C-92475C50227B}.Release|Any CPU.ActiveCfg = Release|Any CPU
		{EE05F62D-BD8D-4A5F-840C-92475C50227B}.Release|Any CPU.Build.0 = Release|Any CPU
	EndGlobalSection
	GlobalSection(SolutionProperties) = preSolution
		HideSolutionNode = FALSE
	EndGlobalSection
	GlobalSection(ExtensibilityGlobals) = postSolution
		SolutionGuid = {C2FC24A3-B64A-4DF2-B4A4-E714CE3DBD5C}
	EndGlobalSection
EndGlobal
